
Microsoft Visual Studio Solution File, Format Version 12.00
# Visual Studio 15
VisualStudioVersion = 15.0.28307.489
MinimumVisualStudioVersion = 10.0.40219.1
Project("{FAE04EC0-301F-11D3-BF4B-00C04F79EFBC}") = "AppEquipos.Android", "AppEquipos\AppEquipos.Android\AppEquipos.Android.csproj", "{8AE41EEB-97E6-48C2-9712-358FFC68E76F}"
EndProject
Project("{FAE04EC0-301F-11D3-BF4B-00C04F79EFBC}") = "AppEquipos.iOS", "AppEquipos\AppEquipos.iOS\AppEquipos.iOS.csproj", "{EE77946A-5456-4101-9FCE-B850FA4537A3}"
EndProject
Project("{FAE04EC0-301F-11D3-BF4B-00C04F79EFBC}") = "AppEquipos", "AppEquipos\AppEquipos\AppEquipos.csproj", "{D69AB508-64CE-4DFC-B9DF-1A3C08B982FC}"
EndProject
Global
	GlobalSection(SolutionConfigurationPlatforms) = preSolution
		Ad-Hoc|Any CPU = Ad-Hoc|Any CPU
		Ad-Hoc|iPhone = Ad-Hoc|iPhone
		Ad-Hoc|iPhoneSimulator = Ad-Hoc|iPhoneSimulator
		AppStore|Any CPU = AppStore|Any CPU
		AppStore|iPhone = AppStore|iPhone
		AppStore|iPhoneSimulator = AppStore|iPhoneSimulator
		Debug|Any CPU = Debug|Any CPU
		Debug|iPhone = Debug|iPhone
		Debug|iPhoneSimulator = Debug|iPhoneSimulator
		Release|Any CPU = Release|Any CPU
		Release|iPhone = Release|iPhone
		Release|iPhoneSimulator = Release|iPhoneSimulator
	EndGlobalSection
	GlobalSection(ProjectConfigurationPlatforms) = postSolution
		{8AE41EEB-97E6-48C2-9712-358FFC68E76F}.Ad-Hoc|Any CPU.ActiveCfg = Release|Any CPU
		{8AE41EEB-97E6-48C2-9712-358FFC68E76F}.Ad-Hoc|Any CPU.Build.0 = Release|Any CPU
		{8AE41EEB-97E6-48C2-9712-358FFC68E76F}.Ad-Hoc|Any CPU.Deploy.0 = Release|Any CPU
		{8AE41EEB-97E6-48C2-9712-358FFC68E76F}.Ad-Hoc|iPhone.ActiveCfg = Release|Any CPU
		{8AE41EEB-97E6-48C2-9712-358FFC68E76F}.Ad-Hoc|iPhone.Build.0 = Release|Any CPU
		{8AE41EEB-97E6-48C2-9712-358FFC68E76F}.Ad-Hoc|iPhone.Deploy.0 = Release|Any CPU
		{8AE41EEB-97E6-48C2-9712-358FFC68E76F}.Ad-Hoc|iPhoneSimulator.ActiveCfg = Release|Any CPU
		{8AE41EEB-97E6-48C2-9712-358FFC68E76F}.Ad-Hoc|iPhoneSimulator.Build.0 = Release|Any CPU
		{8AE41EEB-97E6-48C2-9712-358FFC68E76F}.Ad-Hoc|iPhoneSimulator.Deploy.0 = Release|Any CPU
		{8AE41EEB-97E6-48C2-9712-358FFC68E76F}.AppStore|Any CPU.ActiveCfg = Release|Any CPU
		{8AE41EEB-97E6-48C2-9712-358FFC68E76F}.AppStore|Any CPU.Build.0 = Release|Any CPU
		{8AE41EEB-97E6-48C2-9712-358FFC68E76F}.AppStore|Any CPU.Deploy.0 = Release|Any CPU
		{8AE41EEB-97E6-48C2-9712-358FFC68E76F}.AppStore|iPhone.ActiveCfg = Release|Any CPU
		{8AE41EEB-97E6-48C2-9712-358FFC68E76F}.AppStore|iPhone.Build.0 = Release|Any CPU
		{8AE41EEB-97E6-48C2-9712-358FFC68E76F}.AppStore|iPhone.Deploy.0 = Release|Any CPU
		{8AE41EEB-97E6-48C2-9712-358FFC68E76F}.AppStore|iPhoneSimulator.ActiveCfg = Release|Any CPU
		{8AE41EEB-97E6-48C2-9712-358FFC68E76F}.AppStore|iPhoneSimulator.Build.0 = Release|Any CPU
		{8AE41EEB-97E6-48C2-9712-358FFC68E76F}.AppStore|iPhoneSimulator.Deploy.0 = Release|Any CPU
		{8AE41EEB-97E6-48C2-9712-358FFC68E76F}.Debug|Any CPU.ActiveCfg = Debug|Any CPU
		{8AE41EEB-97E6-48C2-9712-358FFC68E76F}.Debug|Any CPU.Build.0 = Debug|Any CPU
		{8AE41EEB-97E6-48C2-9712-358FFC68E76F}.Debug|Any CPU.Deploy.0 = Debug|Any CPU
		{8AE41EEB-97E6-48C2-9712-358FFC68E76F}.Debug|iPhone.ActiveCfg = Debug|Any CPU
		{8AE41EEB-97E6-48C2-9712-358FFC68E76F}.Debug|iPhone.Build.0 = Debug|Any CPU
		{8AE41EEB-97E6-48C2-9712-358FFC68E76F}.Debug|iPhone.Deploy.0 = Debug|Any CPU
		{8AE41EEB-97E6-48C2-9712-358FFC68E76F}.Debug|iPhoneSimulator.ActiveCfg = Debug|Any CPU
		{8AE41EEB-97E6-48C2-9712-358FFC68E76F}.Debug|iPhoneSimulator.Build.0 = Debug|Any CPU
		{8AE41EEB-97E6-48C2-9712-358FFC68E76F}.Debug|iPhoneSimulator.Deploy.0 = Debug|Any CPU
		{8AE41EEB-97E6-48C2-9712-358FFC68E76F}.Release|Any CPU.ActiveCfg = Release|Any CPU
		{8AE41EEB-97E6-48C2-9712-358FFC68E76F}.Release|Any CPU.Build.0 = Release|Any CPU
		{8AE41EEB-97E6-48C2-9712-358FFC68E76F}.Release|Any CPU.Deploy.0 = Release|Any CPU
		{8AE41EEB-97E6-48C2-9712-358FFC68E76F}.Release|iPhone.ActiveCfg = Release|Any CPU
		{8AE41EEB-97E6-48C2-9712-358FFC68E76F}.Release|iPhone.Build.0 = Release|Any CPU
		{8AE41EEB-97E6-48C2-9712-358FFC68E76F}.Release|iPhone.Deploy.0 = Release|Any CPU
		{8AE41EEB-97E6-48C2-9712-358FFC68E76F}.Release|iPhoneSimulator.ActiveCfg = Release|Any CPU
		{8AE41EEB-97E6-48C2-9712-358FFC68E76F}.Release|iPhoneSimulator.Build.0 = Release|Any CPU
		{8AE41EEB-97E6-48C2-9712-358FFC68E76F}.Release|iPhoneSimulator.Deploy.0 = Release|Any CPU
		{EE77946A-5456-4101-9FCE-B850FA4537A3}.Ad-Hoc|Any CPU.ActiveCfg = Ad-Hoc|iPhone
		{EE77946A-5456-4101-9FCE-B850FA4537A3}.Ad-Hoc|Any CPU.Build.0 = Ad-Hoc|iPhone
		{EE77946A-5456-4101-9FCE-B850FA4537A3}.Ad-Hoc|Any CPU.Deploy.0 = Ad-Hoc|iPhone
		{EE77946A-5456-4101-9FCE-B850FA4537A3}.Ad-Hoc|iPhone.ActiveCfg = Ad-Hoc|iPhone
		{EE77946A-5456-4101-9FCE-B850FA4537A3}.Ad-Hoc|iPhone.Build.0 = Ad-Hoc|iPhone
		{EE77946A-5456-4101-9FCE-B850FA4537A3}.Ad-Hoc|iPhone.Deploy.0 = Ad-Hoc|iPhone
		{EE77946A-5456-4101-9FCE-B850FA4537A3}.Ad-Hoc|iPhoneSimulator.ActiveCfg = Ad-Hoc|iPhoneSimulator
		{EE77946A-5456-4101-9FCE-B850FA4537A3}.Ad-Hoc|iPhoneSimulator.Build.0 = Ad-Hoc|iPhoneSimulator
		{EE77946A-5456-4101-9FCE-B850FA4537A3}.Ad-Hoc|iPhoneSimulator.Deploy.0 = Ad-Hoc|iPhoneSimulator
		{EE77946A-5456-4101-9FCE-B850FA4537A3}.AppStore|Any CPU.ActiveCfg = AppStore|iPhone
		{EE77946A-5456-4101-9FCE-B850FA4537A3}.AppStore|Any CPU.Build.0 = AppStore|iPhone
		{EE77946A-5456-4101-9FCE-B850FA4537A3}.AppStore|Any CPU.Deploy.0 = AppStore|iPhone
		{EE77946A-5456-4101-9FCE-B850FA4537A3}.AppStore|iPhone.ActiveCfg = AppStore|iPhone
		{EE77946A-5456-4101-9FCE-B850FA4537A3}.AppStore|iPhone.Build.0 = AppStore|iPhone
		{EE77946A-5456-4101-9FCE-B850FA4537A3}.AppStore|iPhone.Deploy.0 = AppStore|iPhone
		{EE77946A-5456-4101-9FCE-B850FA4537A3}.AppStore|iPhoneSimulator.ActiveCfg = AppStore|iPhoneSimulator
		{EE77946A-5456-4101-9FCE-B850FA4537A3}.AppStore|iPhoneSimulator.Build.0 = AppStore|iPhoneSimulator
		{EE77946A-5456-4101-9FCE-B850FA4537A3}.AppStore|iPhoneSimulator.Deploy.0 = AppStore|iPhoneSimulator
		{EE77946A-5456-4101-9FCE-B850FA4537A3}.Debug|Any CPU.ActiveCfg = Debug|iPhoneSimulator
		{EE77946A-5456-4101-9FCE-B850FA4537A3}.Debug|Any CPU.Build.0 = Debug|iPhoneSimulator
		{EE77946A-5456-4101-9FCE-B850FA4537A3}.Debug|Any CPU.Deploy.0 = Debug|iPhoneSimulator
		{EE77946A-5456-4101-9FCE-B850FA4537A3}.Debug|iPhone.ActiveCfg = Debug|iPhone
		{EE77946A-5456-4101-9FCE-B850FA4537A3}.Debug|iPhone.Build.0 = Debug|iPhone
		{EE77946A-5456-4101-9FCE-B850FA4537A3}.Debug|iPhone.Deploy.0 = Debug|iPhone
		{EE77946A-5456-4101-9FCE-B850FA4537A3}.Debug|iPhoneSimulator.ActiveCfg = Debug|iPhoneSimulator
		{EE77946A-5456-4101-9FCE-B850FA4537A3}.Debug|iPhoneSimulator.Build.0 = Debug|iPhoneSimulator
		{EE77946A-5456-4101-9FCE-B850FA4537A3}.Debug|iPhoneSimulator.Deploy.0 = Debug|iPhoneSimulator
		{EE77946A-5456-4101-9FCE-B850FA4537A3}.Release|Any CPU.ActiveCfg = Release|iPhone
		{EE77946A-5456-4101-9FCE-B850FA4537A3}.Release|Any CPU.Build.0 = Release|iPhone
		{EE77946A-5456-4101-9FCE-B850FA4537A3}.Release|Any CPU.Deploy.0 = Release|iPhone
		{EE77946A-5456-4101-9FCE-B850FA4537A3}.Release|iPhone.ActiveCfg = Release|iPhone
		{EE77946A-5456-4101-9FCE-B850FA4537A3}.Release|iPhone.Build.0 = Release|iPhone
		{EE77946A-5456-4101-9FCE-B850FA4537A3}.Release|iPhone.Deploy.0 = Release|iPhone
		{EE77946A-5456-4101-9FCE-B850FA4537A3}.Release|iPhoneSimulator.ActiveCfg = Release|iPhoneSimulator
		{EE77946A-5456-4101-9FCE-B850FA4537A3}.Release|iPhoneSimulator.Build.0 = Release|iPhoneSimulator
		{EE77946A-5456-4101-9FCE-B850FA4537A3}.Release|iPhoneSimulator.Deploy.0 = Release|iPhoneSimulator
		{D69AB508-64CE-4DFC-B9DF-1A3C08B982FC}.Ad-Hoc|Any CPU.ActiveCfg = Debug|Any CPU
		{D69AB508-64CE-4DFC-B9DF-1A3C08B982FC}.Ad-Hoc|Any CPU.Build.0 = Debug|Any CPU
		{D69AB508-64CE-4DFC-B9DF-1A3C08B982FC}.Ad-Hoc|Any CPU.Deploy.0 = Debug|Any CPU
		{D69AB508-64CE-4DFC-B9DF-1A3C08B982FC}.Ad-Hoc|iPhone.ActiveCfg = Debug|Any CPU
		{D69AB508-64CE-4DFC-B9DF-1A3C08B982FC}.Ad-Hoc|iPhone.Build.0 = Debug|Any CPU
		{D69AB508-64CE-4DFC-B9DF-1A3C08B982FC}.Ad-Hoc|iPhone.Deploy.0 = Debug|Any CPU
		{D69AB508-64CE-4DFC-B9DF-1A3C08B982FC}.Ad-Hoc|iPhoneSimulator.ActiveCfg = Debug|Any CPU
		{D69AB508-64CE-4DFC-B9DF-1A3C08B982FC}.Ad-Hoc|iPhoneSimulator.Build.0 = Debug|Any CPU
		{D69AB508-64CE-4DFC-B9DF-1A3C08B982FC}.Ad-Hoc|iPhoneSimulator.Deploy.0 = Debug|Any CPU
		{D69AB508-64CE-4DFC-B9DF-1A3C08B982FC}.AppStore|Any CPU.ActiveCfg = Debug|Any CPU
		{D69AB508-64CE-4DFC-B9DF-1A3C08B982FC}.AppStore|Any CPU.Build.0 = Debug|Any CPU
		{D69AB508-64CE-4DFC-B9DF-1A3C08B982FC}.AppStore|Any CPU.Deploy.0 = Debug|Any CPU
		{D69AB508-64CE-4DFC-B9DF-1A3C08B982FC}.AppStore|iPhone.ActiveCfg = Debug|Any CPU
		{D69AB508-64CE-4DFC-B9DF-1A3C08B982FC}.AppStore|iPhone.Build.0 = Debug|Any CPU
		{D69AB508-64CE-4DFC-B9DF-1A3C08B982FC}.AppStore|iPhone.Deploy.0 = Debug|Any CPU
		{D69AB508-64CE-4DFC-B9DF-1A3C08B982FC}.AppStore|iPhoneSimulator.ActiveCfg = Debug|Any CPU
		{D69AB508-64CE-4DFC-B9DF-1A3C08B982FC}.AppStore|iPhoneSimulator.Build.0 = Debug|Any CPU
		{D69AB508-64CE-4DFC-B9DF-1A3C08B982FC}.AppStore|iPhoneSimulator.Deploy.0 = Debug|Any CPU
		{D69AB508-64CE-4DFC-B9DF-1A3C08B982FC}.Debug|Any CPU.ActiveCfg = Debug|Any CPU
		{D69AB508-64CE-4DFC-B9DF-1A3C08B982FC}.Debug|Any CPU.Build.0 = Debug|Any CPU
		{D69AB508-64CE-4DFC-B9DF-1A3C08B982FC}.Debug|Any CPU.Deploy.0 = Debug|Any CPU
		{D69AB508-64CE-4DFC-B9DF-1A3C08B982FC}.Debug|iPhone.ActiveCfg = Debug|Any CPU
		{D69AB508-64CE-4DFC-B9DF-1A3C08B982FC}.Debug|iPhone.Build.0 = Debug|Any CPU
		{D69AB508-64CE-4DFC-B9DF-1A3C08B982FC}.Debug|iPhone.Deploy.0 = Debug|Any CPU
		{D69AB508-64CE-4DFC-B9DF-1A3C08B982FC}.Debug|iPhoneSimulator.ActiveCfg = Debug|Any CPU
		{D69AB508-64CE-4DFC-B9DF-1A3C08B982FC}.Debug|iPhoneSimulator.Build.0 = Debug|Any CPU
		{D69AB508-64CE-4DFC-B9DF-1A3C08B982FC}.Debug|iPhoneSimulator.Deploy.0 = Debug|Any CPU
		{D69AB508-64CE-4DFC-B9DF-1A3C08B982FC}.Release|Any CPU.ActiveCfg = Release|Any CPU
		{D69AB508-64CE-4DFC-B9DF-1A3C08B982FC}.Release|Any CPU.Build.0 = Release|Any CPU
		{D69AB508-64CE-4DFC-B9DF-1A3C08B982FC}.Release|Any CPU.Deploy.0 = Release|Any CPU
		{D69AB508-64CE-4DFC-B9DF-1A3C08B982FC}.Release|iPhone.ActiveCfg = Release|Any CPU
		{D69AB508-64CE-4DFC-B9DF-1A3C08B982FC}.Release|iPhone.Build.0 = Release|Any CPU
		{D69AB508-64CE-4DFC-B9DF-1A3C08B982FC}.Release|iPhone.Deploy.0 = Release|Any CPU
		{D69AB508-64CE-4DFC-B9DF-1A3C08B982FC}.Release|iPhoneSimulator.ActiveCfg = Release|Any CPU
		{D69AB508-64CE-4DFC-B9DF-1A3C08B982FC}.Release|iPhoneSimulator.Build.0 = Release|Any CPU
		{D69AB508-64CE-4DFC-B9DF-1A3C08B982FC}.Release|iPhoneSimulator.Deploy.0 = Release|Any CPU
	EndGlobalSection
	GlobalSection(SolutionProperties) = preSolution
		HideSolutionNode = FALSE
	EndGlobalSection
	GlobalSection(ExtensibilityGlobals) = postSolution
		SolutionGuid = {DCB20A8F-265C-4BCD-9073-64A760EB5B70}
	EndGlobalSection
EndGlobal
